// !$*UTF8*$!
{
	archiveVersion = 1;
	classes = {
	};
	objectVersion = 54;
	objects = {

/* Begin PBXBuildFile section */
		04760188284991E700C417DE /* UITableViewCell+Extension.swift in Sources */ = {isa = PBXBuildFile; fileRef = 04760187284991E700C417DE /* UITableViewCell+Extension.swift */; };
		372A544223C2270895EB6324 /* Pods_Lava_Jato.framework in Frameworks */ = {isa = PBXBuildFile; fileRef = 30002CE5CED26683DBD034FA /* Pods_Lava_Jato.framework */; };
		442DD11E27D05D0900C4F033 /* UserProfileViewController.storyboard in Resources */ = {isa = PBXBuildFile; fileRef = 442DD11D27D05D0900C4F033 /* UserProfileViewController.storyboard */; };
		443BAE9827BF4DE400751C16 /* MainScreen.storyboard in Resources */ = {isa = PBXBuildFile; fileRef = 443BAE9727BF4DE400751C16 /* MainScreen.storyboard */; };
		444B7E0E28317C46007D996E /* ModelService.swift in Sources */ = {isa = PBXBuildFile; fileRef = 444B7E0D28317C46007D996E /* ModelService.swift */; };
		444B7E122831818D007D996E /* NewServiceTableViewCell.swift in Sources */ = {isa = PBXBuildFile; fileRef = 444B7E102831818D007D996E /* NewServiceTableViewCell.swift */; };
		444B7E1B28318BF7007D996E /* NewServiceViewModel.swift in Sources */ = {isa = PBXBuildFile; fileRef = 444B7E1A28318BF7007D996E /* NewServiceViewModel.swift */; };
		44779A94282D838D00289C7E /* NewServiceStoryBoard.storyboard in Resources */ = {isa = PBXBuildFile; fileRef = 44779A93282D838D00289C7E /* NewServiceStoryBoard.storyboard */; };
		449EFAA727DE3AF4002111DE /* UserProfileViewController.swift in Sources */ = {isa = PBXBuildFile; fileRef = 449EFAA627DE3AF3002111DE /* UserProfileViewController.swift */; };
		44A1D92A282A056E0058A4F8 /* Users.json in Resources */ = {isa = PBXBuildFile; fileRef = 44A1D929282A056E0058A4F8 /* Users.json */; };
		44B986D2282C0D0D00F4D4D1 /* HomeViewModel.swift in Sources */ = {isa = PBXBuildFile; fileRef = 44B986D1282C0D0D00F4D4D1 /* HomeViewModel.swift */; };
		44C17859282C6875000AF2B9 /* NewServiceViewController.swift in Sources */ = {isa = PBXBuildFile; fileRef = 44C17858282C6875000AF2B9 /* NewServiceViewController.swift */; };
		44CB2778282998CB00A7FD62 /* FilterViewModel.swift in Sources */ = {isa = PBXBuildFile; fileRef = 44CB2777282998CB00A7FD62 /* FilterViewModel.swift */; };
		44CB761E27E941B600A029FA /* PlaceCollectionViewCell.xib in Resources */ = {isa = PBXBuildFile; fileRef = 44CB761C27E941B600A029FA /* PlaceCollectionViewCell.xib */; };
		44CB761F27E941B600A029FA /* PlaceCollectionViewCell.swift in Sources */ = {isa = PBXBuildFile; fileRef = 44CB761D27E941B600A029FA /* PlaceCollectionViewCell.swift */; };
		44CB762327E941C200A029FA /* PriceTableViewCell.swift in Sources */ = {isa = PBXBuildFile; fileRef = 44CB762127E941C200A029FA /* PriceTableViewCell.swift */; };
		44CB762427E941C200A029FA /* PriceTableViewCell.xib in Resources */ = {isa = PBXBuildFile; fileRef = 44CB762227E941C200A029FA /* PriceTableViewCell.xib */; };
		44CB762827E941C800A029FA /* GenderTableViewCell.swift in Sources */ = {isa = PBXBuildFile; fileRef = 44CB762627E941C800A029FA /* GenderTableViewCell.swift */; };
		44CB762927E941C800A029FA /* GenderTableViewCell.xib in Resources */ = {isa = PBXBuildFile; fileRef = 44CB762727E941C800A029FA /* GenderTableViewCell.xib */; };
		44CB763227E941F700A029FA /* FilterViewController.swift in Sources */ = {isa = PBXBuildFile; fileRef = 44CB763127E941F700A029FA /* FilterViewController.swift */; };
		44CB763427E941FD00A029FA /* FilterViewController.storyboard in Resources */ = {isa = PBXBuildFile; fileRef = 44CB763327E941FD00A029FA /* FilterViewController.storyboard */; };
		44D3C061284EC5A6005CB252 /* NewServiceTableViewCell.xib in Resources */ = {isa = PBXBuildFile; fileRef = 444B7E112831818D007D996E /* NewServiceTableViewCell.xib */; };
		44FA259E28177CB7006C1CFB /* ServicesCollectionViewCell.swift in Sources */ = {isa = PBXBuildFile; fileRef = 44FA259C28177CB7006C1CFB /* ServicesCollectionViewCell.swift */; };
		44FA259F28177CB7006C1CFB /* ServicesCollectionViewCell.xib in Resources */ = {isa = PBXBuildFile; fileRef = 44FA259D28177CB7006C1CFB /* ServicesCollectionViewCell.xib */; };
		A20B841827DF051B00F29991 /* CellTableViewCell.swift in Sources */ = {isa = PBXBuildFile; fileRef = A20B841627DF051B00F29991 /* CellTableViewCell.swift */; };
		A20B841927DF051B00F29991 /* CellTableViewCell.xib in Resources */ = {isa = PBXBuildFile; fileRef = A20B841727DF051B00F29991 /* CellTableViewCell.xib */; };
		A212221127D13E3500B24208 /* RequestService.storyboard in Resources */ = {isa = PBXBuildFile; fileRef = A212221027D13E3500B24208 /* RequestService.storyboard */; };
		A212221327D13E5300B24208 /* RequestServiceViewController.swift in Sources */ = {isa = PBXBuildFile; fileRef = A212221227D13E5300B24208 /* RequestServiceViewController.swift */; };
		A212221527D13E6C00B24208 /* MyServices.storyboard in Resources */ = {isa = PBXBuildFile; fileRef = A212221427D13E6C00B24208 /* MyServices.storyboard */; };
		A212221727D13E7F00B24208 /* MyServicesViewController.swift in Sources */ = {isa = PBXBuildFile; fileRef = A212221627D13E7F00B24208 /* MyServicesViewController.swift */; };
		A212221927D13E9700B24208 /* ListOfProfessionals.storyboard in Resources */ = {isa = PBXBuildFile; fileRef = A212221827D13E9700B24208 /* ListOfProfessionals.storyboard */; };
		A212221B27D13EB000B24208 /* ListOfProfessionalsViewController.swift in Sources */ = {isa = PBXBuildFile; fileRef = A212221A27D13EB000B24208 /* ListOfProfessionalsViewController.swift */; };
		A212221F27D13EE500B24208 /* MyCustomCell.swift in Sources */ = {isa = PBXBuildFile; fileRef = A212221D27D13EE500B24208 /* MyCustomCell.swift */; };
		A212222027D13EE500B24208 /* MyCustomCell.xib in Resources */ = {isa = PBXBuildFile; fileRef = A212221E27D13EE500B24208 /* MyCustomCell.xib */; };
		A21A38D0282C53FD0013D3B6 /* Users.swift in Sources */ = {isa = PBXBuildFile; fileRef = A21A38CF282C53FD0013D3B6 /* Users.swift */; };
		A275B14E285069AB0088237C /* Cell2TableViewCell.swift in Sources */ = {isa = PBXBuildFile; fileRef = A275B14C285069AB0088237C /* Cell2TableViewCell.swift */; };
		A275B14F285069AB0088237C /* Cell2TableViewCell.xib in Resources */ = {isa = PBXBuildFile; fileRef = A275B14D285069AB0088237C /* Cell2TableViewCell.xib */; };
		A27E7BAF282D80F10039C3F7 /* RequestViewModel.swift in Sources */ = {isa = PBXBuildFile; fileRef = A27E7BAE282D80F10039C3F7 /* RequestViewModel.swift */; };
		A27E7BB2282D8B6B0039C3F7 /* ServiceViewModel.swift in Sources */ = {isa = PBXBuildFile; fileRef = A27E7BB1282D8B6B0039C3F7 /* ServiceViewModel.swift */; };
		A284A53B282C832000D4241C /* ListViewModel.swift in Sources */ = {isa = PBXBuildFile; fileRef = A284A53A282C832000D4241C /* ListViewModel.swift */; };
		A284A53E282C881600D4241C /* HistoryService.swift in Sources */ = {isa = PBXBuildFile; fileRef = A284A53D282C881600D4241C /* HistoryService.swift */; };
		A28C301A283F8E14001CF104 /* GoogleService-Info.plist in Resources */ = {isa = PBXBuildFile; fileRef = A28C3019283F8E14001CF104 /* GoogleService-Info.plist */; };
		A2F799CE27DC6A49005A53A3 /* CustomRowTableViewCell.swift in Sources */ = {isa = PBXBuildFile; fileRef = A2F799CC27DC6A49005A53A3 /* CustomRowTableViewCell.swift */; };
		A2F799CF27DC6A49005A53A3 /* CustomRowTableViewCell.xib in Resources */ = {isa = PBXBuildFile; fileRef = A2F799CD27DC6A49005A53A3 /* CustomRowTableViewCell.xib */; };
		A2F799D827DC6CC8005A53A3 /* Model.swift in Sources */ = {isa = PBXBuildFile; fileRef = A2F799D727DC6CC8005A53A3 /* Model.swift */; };
		DA107B3D2828ACD100F40F22 /* AlertController.swift in Sources */ = {isa = PBXBuildFile; fileRef = DA107B3C2828ACD100F40F22 /* AlertController.swift */; };
		DA107B432828AD5C00F40F22 /* ViewModelNotificationScreen.swift in Sources */ = {isa = PBXBuildFile; fileRef = DA107B422828AD5C00F40F22 /* ViewModelNotificationScreen.swift */; };
		DA107B492828AFDA00F40F22 /* User.swift in Sources */ = {isa = PBXBuildFile; fileRef = DA107B482828AFDA00F40F22 /* User.swift */; };
		DA107B4B2828AFED00F40F22 /* ViewModelEditProfile.swift in Sources */ = {isa = PBXBuildFile; fileRef = DA107B4A2828AFED00F40F22 /* ViewModelEditProfile.swift */; };
		DA12C77A27D105BA00B6F080 /* ProfileEditViewController.swift in Sources */ = {isa = PBXBuildFile; fileRef = DA12C77927D105BA00B6F080 /* ProfileEditViewController.swift */; };
		DA23ECCB2828BA5500C9E4FD /* ViewModelScreenRegister.swift in Sources */ = {isa = PBXBuildFile; fileRef = DA23ECCA2828BA5500C9E4FD /* ViewModelScreenRegister.swift */; };
		DA57F342284EFB9200A10550 /* UIResponder+Extension.swift in Sources */ = {isa = PBXBuildFile; fileRef = 047601892849920900C417DE /* UIResponder+Extension.swift */; };
		DA57F34A284EFD9B00A10550 /* PaymmentViewController.swift in Sources */ = {isa = PBXBuildFile; fileRef = DA57F347284EFD9B00A10550 /* PaymmentViewController.swift */; };
		DA57F34B284EFD9B00A10550 /* PaymmentViewController.storyboard in Resources */ = {isa = PBXBuildFile; fileRef = DA57F349284EFD9B00A10550 /* PaymmentViewController.storyboard */; };
		DA625172284F7A1A001FFE31 /* PaymmentScreenViewModel.swift in Sources */ = {isa = PBXBuildFile; fileRef = DA625171284F7A1A001FFE31 /* PaymmentScreenViewModel.swift */; };
		DA72E19F2847D8DA00730217 /* OpenURL.swift in Sources */ = {isa = PBXBuildFile; fileRef = DA72E19E2847D8DA00730217 /* OpenURL.swift */; };
		DA9954C627DF895700C89D76 /* Profile.swift in Sources */ = {isa = PBXBuildFile; fileRef = DA9954C527DF895700C89D76 /* Profile.swift */; };
		DA9954C927DF899600C89D76 /* ServiceTableViewCell.swift in Sources */ = {isa = PBXBuildFile; fileRef = DA9954C727DF899600C89D76 /* ServiceTableViewCell.swift */; };
		DA9954CA27DF899600C89D76 /* ServiceTableViewCell.xib in Resources */ = {isa = PBXBuildFile; fileRef = DA9954C827DF899600C89D76 /* ServiceTableViewCell.xib */; };
		DA9954CE27DF8A2D00C89D76 /* ServicesViewController.storyboard in Resources */ = {isa = PBXBuildFile; fileRef = DA9954CD27DF8A2D00C89D76 /* ServicesViewController.storyboard */; };
		DA9954D027DF8A8100C89D76 /* ServicesViewController.swift in Sources */ = {isa = PBXBuildFile; fileRef = DA9954CF27DF8A8100C89D76 /* ServicesViewController.swift */; };
		DAA80E64282AD575009A7D73 /* HelpScreenViewModel.swift in Sources */ = {isa = PBXBuildFile; fileRef = DAA80E63282AD575009A7D73 /* HelpScreenViewModel.swift */; };
		DAB173D027D1508A00104761 /* ScreenRegisterViewController.swift in Sources */ = {isa = PBXBuildFile; fileRef = DAB173CF27D1508A00104761 /* ScreenRegisterViewController.swift */; };
		DAF0152C27C45B38009E55F6 /* HelpScreenViewController.swift in Sources */ = {isa = PBXBuildFile; fileRef = DAF0152B27C45B37009E55F6 /* HelpScreenViewController.swift */; };
		DAFD95FF2850E0ED006F6CAA /* UIView.swift in Sources */ = {isa = PBXBuildFile; fileRef = DAFD95FE2850E0ED006F6CAA /* UIView.swift */; };
		E10CB59427B7218100D49C01 /* ResetPasswordViewController.swift in Sources */ = {isa = PBXBuildFile; fileRef = E10CB59327B7218100D49C01 /* ResetPasswordViewController.swift */; };
		E13E5B1E27D59644000CB644 /* ErrorConectionViewController.swift in Sources */ = {isa = PBXBuildFile; fileRef = E13E5B1D27D59644000CB644 /* ErrorConectionViewController.swift */; };
		E13E5B2027D5965B000CB644 /* ErrorConection.storyboard in Resources */ = {isa = PBXBuildFile; fileRef = E13E5B1F27D5965B000CB644 /* ErrorConection.storyboard */; };
		E13E5B2527D6EBA6000CB644 /* ProfileEditViewController.storyboard in Resources */ = {isa = PBXBuildFile; fileRef = E13E5B2427D6EBA6000CB644 /* ProfileEditViewController.storyboard */; };
		E13E5B2727D6EBD0000CB644 /* HelpScreenViewController.storyboard in Resources */ = {isa = PBXBuildFile; fileRef = E13E5B2627D6EBD0000CB644 /* HelpScreenViewController.storyboard */; };
		E13E5B2927D6EBF6000CB644 /* ScreenRegisterViewController.storyboard in Resources */ = {isa = PBXBuildFile; fileRef = E13E5B2827D6EBF6000CB644 /* ScreenRegisterViewController.storyboard */; };
		E13E5B2C27D6F5F1000CB644 /* UIcolor.swift in Sources */ = {isa = PBXBuildFile; fileRef = E13E5B2B27D6F5F1000CB644 /* UIcolor.swift */; };
		E13E5B3027D6F781000CB644 /* UITextField.swift in Sources */ = {isa = PBXBuildFile; fileRef = E13E5B2F27D6F781000CB644 /* UITextField.swift */; };
		E13E5B3227D6F7FA000CB644 /* UIViewController.swift in Sources */ = {isa = PBXBuildFile; fileRef = E13E5B3127D6F7FA000CB644 /* UIViewController.swift */; };
		E13E5B3827D7005E000CB644 /* SF-Pro-Text-Semibold.otf in Resources */ = {isa = PBXBuildFile; fileRef = E13E5B3727D7005E000CB644 /* SF-Pro-Text-Semibold.otf */; };
		E13E5B3A27D70086000CB644 /* SF-Pro-Text-Light.otf in Resources */ = {isa = PBXBuildFile; fileRef = E13E5B3927D70086000CB644 /* SF-Pro-Text-Light.otf */; };
		E13E5B3C27D700A1000CB644 /* SF-Pro-Text-Medium.otf in Resources */ = {isa = PBXBuildFile; fileRef = E13E5B3B27D700A1000CB644 /* SF-Pro-Text-Medium.otf */; };
		E13E5B3E27D700B1000CB644 /* SF-Pro-Text-Regular.otf in Resources */ = {isa = PBXBuildFile; fileRef = E13E5B3D27D700B1000CB644 /* SF-Pro-Text-Regular.otf */; };
		E13E5B4027D700C9000CB644 /* SF-Pro-Text-Bold.otf in Resources */ = {isa = PBXBuildFile; fileRef = E13E5B3F27D700C9000CB644 /* SF-Pro-Text-Bold.otf */; };
		E15CA71627D52E5B002355B9 /* LoginViewController.storyboard in Resources */ = {isa = PBXBuildFile; fileRef = E15CA71527D52E5B002355B9 /* LoginViewController.storyboard */; };
		E15CA71927D52F1D002355B9 /* ResetPasswordViewController.storyboard in Resources */ = {isa = PBXBuildFile; fileRef = E15CA71827D52F1D002355B9 /* ResetPasswordViewController.storyboard */; };
		E15CA71C27D53366002355B9 /* Maps.storyboard in Resources */ = {isa = PBXBuildFile; fileRef = E15CA71B27D53366002355B9 /* Maps.storyboard */; };
		E15CA72027D56A2E002355B9 /* MapsViewController.swift in Sources */ = {isa = PBXBuildFile; fileRef = E15CA71F27D56A2E002355B9 /* MapsViewController.swift */; };
		E162E07727ADF53E00C6AD32 /* AppDelegate.swift in Sources */ = {isa = PBXBuildFile; fileRef = E162E07627ADF53E00C6AD32 /* AppDelegate.swift */; };
		E162E07927ADF53E00C6AD32 /* SceneDelegate.swift in Sources */ = {isa = PBXBuildFile; fileRef = E162E07827ADF53E00C6AD32 /* SceneDelegate.swift */; };
		E162E07B27ADF53E00C6AD32 /* LoginViewController.swift in Sources */ = {isa = PBXBuildFile; fileRef = E162E07A27ADF53E00C6AD32 /* LoginViewController.swift */; };
		E162E08027ADF54000C6AD32 /* Assets.xcassets in Resources */ = {isa = PBXBuildFile; fileRef = E162E07F27ADF54000C6AD32 /* Assets.xcassets */; };
		E162E08327ADF54000C6AD32 /* LaunchScreen.storyboard in Resources */ = {isa = PBXBuildFile; fileRef = E162E08127ADF54000C6AD32 /* LaunchScreen.storyboard */; };
		E18703DA27E9210A005B3AA9 /* HomeViewController.swift in Sources */ = {isa = PBXBuildFile; fileRef = E18703D927E9210A005B3AA9 /* HomeViewController.swift */; };
		E18703DD27E94E39005B3AA9 /* ChangePasswordViewController.swift in Sources */ = {isa = PBXBuildFile; fileRef = E18703DC27E94E39005B3AA9 /* ChangePasswordViewController.swift */; };
		E18703DF27E94E5E005B3AA9 /* ChangePasswordViewController.storyboard in Resources */ = {isa = PBXBuildFile; fileRef = E18703DE27E94E5E005B3AA9 /* ChangePasswordViewController.storyboard */; };
/* End PBXBuildFile section */

/* Begin PBXFileReference section */
		04760187284991E700C417DE /* UITableViewCell+Extension.swift */ = {isa = PBXFileReference; lastKnownFileType = sourcecode.swift; path = "UITableViewCell+Extension.swift"; sourceTree = "<group>"; };
		047601892849920900C417DE /* UIResponder+Extension.swift */ = {isa = PBXFileReference; lastKnownFileType = sourcecode.swift; path = "UIResponder+Extension.swift"; sourceTree = "<group>"; };
		30002CE5CED26683DBD034FA /* Pods_Lava_Jato.framework */ = {isa = PBXFileReference; explicitFileType = wrapper.framework; includeInIndex = 0; path = Pods_Lava_Jato.framework; sourceTree = BUILT_PRODUCTS_DIR; };
		442DD11D27D05D0900C4F033 /* UserProfileViewController.storyboard */ = {isa = PBXFileReference; lastKnownFileType = file.storyboard; path = UserProfileViewController.storyboard; sourceTree = "<group>"; };
		443BAE9727BF4DE400751C16 /* MainScreen.storyboard */ = {isa = PBXFileReference; lastKnownFileType = file.storyboard; path = MainScreen.storyboard; sourceTree = "<group>"; };
		444B7E0D28317C46007D996E /* ModelService.swift */ = {isa = PBXFileReference; fileEncoding = 4; lastKnownFileType = sourcecode.swift; path = ModelService.swift; sourceTree = "<group>"; };
		444B7E102831818D007D996E /* NewServiceTableViewCell.swift */ = {isa = PBXFileReference; lastKnownFileType = sourcecode.swift; path = NewServiceTableViewCell.swift; sourceTree = "<group>"; };
		444B7E112831818D007D996E /* NewServiceTableViewCell.xib */ = {isa = PBXFileReference; lastKnownFileType = file.xib; path = NewServiceTableViewCell.xib; sourceTree = "<group>"; };
		444B7E1A28318BF7007D996E /* NewServiceViewModel.swift */ = {isa = PBXFileReference; lastKnownFileType = sourcecode.swift; path = NewServiceViewModel.swift; sourceTree = "<group>"; };
		44779A93282D838D00289C7E /* NewServiceStoryBoard.storyboard */ = {isa = PBXFileReference; lastKnownFileType = file.storyboard; path = NewServiceStoryBoard.storyboard; sourceTree = "<group>"; };
		449EFAA627DE3AF3002111DE /* UserProfileViewController.swift */ = {isa = PBXFileReference; fileEncoding = 4; lastKnownFileType = sourcecode.swift; path = UserProfileViewController.swift; sourceTree = "<group>"; };
		44A1D929282A056E0058A4F8 /* Users.json */ = {isa = PBXFileReference; lastKnownFileType = text.json; path = Users.json; sourceTree = "<group>"; };
		44B986D1282C0D0D00F4D4D1 /* HomeViewModel.swift */ = {isa = PBXFileReference; lastKnownFileType = sourcecode.swift; path = HomeViewModel.swift; sourceTree = "<group>"; };
		44B986D3282C13EB00F4D4D1 /* ModelService.swift */ = {isa = PBXFileReference; lastKnownFileType = sourcecode.swift; path = ModelService.swift; sourceTree = "<group>"; };
		44C17858282C6875000AF2B9 /* NewServiceViewController.swift */ = {isa = PBXFileReference; lastKnownFileType = sourcecode.swift; path = NewServiceViewController.swift; sourceTree = "<group>"; };
		44CB2777282998CB00A7FD62 /* FilterViewModel.swift */ = {isa = PBXFileReference; lastKnownFileType = sourcecode.swift; path = FilterViewModel.swift; sourceTree = "<group>"; };
		44CB761C27E941B600A029FA /* PlaceCollectionViewCell.xib */ = {isa = PBXFileReference; fileEncoding = 4; lastKnownFileType = file.xib; path = PlaceCollectionViewCell.xib; sourceTree = "<group>"; };
		44CB761D27E941B600A029FA /* PlaceCollectionViewCell.swift */ = {isa = PBXFileReference; fileEncoding = 4; lastKnownFileType = sourcecode.swift; path = PlaceCollectionViewCell.swift; sourceTree = "<group>"; };
		44CB762127E941C200A029FA /* PriceTableViewCell.swift */ = {isa = PBXFileReference; fileEncoding = 4; lastKnownFileType = sourcecode.swift; path = PriceTableViewCell.swift; sourceTree = "<group>"; };
		44CB762227E941C200A029FA /* PriceTableViewCell.xib */ = {isa = PBXFileReference; fileEncoding = 4; lastKnownFileType = file.xib; path = PriceTableViewCell.xib; sourceTree = "<group>"; };
		44CB762627E941C800A029FA /* GenderTableViewCell.swift */ = {isa = PBXFileReference; fileEncoding = 4; lastKnownFileType = sourcecode.swift; path = GenderTableViewCell.swift; sourceTree = "<group>"; };
		44CB762727E941C800A029FA /* GenderTableViewCell.xib */ = {isa = PBXFileReference; fileEncoding = 4; lastKnownFileType = file.xib; path = GenderTableViewCell.xib; sourceTree = "<group>"; };
		44CB763127E941F700A029FA /* FilterViewController.swift */ = {isa = PBXFileReference; fileEncoding = 4; lastKnownFileType = sourcecode.swift; path = FilterViewController.swift; sourceTree = "<group>"; };
		44CB763327E941FD00A029FA /* FilterViewController.storyboard */ = {isa = PBXFileReference; fileEncoding = 4; lastKnownFileType = file.storyboard; path = FilterViewController.storyboard; sourceTree = "<group>"; };
		44FA259C28177CB7006C1CFB /* ServicesCollectionViewCell.swift */ = {isa = PBXFileReference; lastKnownFileType = sourcecode.swift; path = ServicesCollectionViewCell.swift; sourceTree = "<group>"; };
		44FA259D28177CB7006C1CFB /* ServicesCollectionViewCell.xib */ = {isa = PBXFileReference; lastKnownFileType = file.xib; path = ServicesCollectionViewCell.xib; sourceTree = "<group>"; };
		69F0FE173FB565D60EF8D8F4 /* Pods-Lava Jato.release.xcconfig */ = {isa = PBXFileReference; includeInIndex = 1; lastKnownFileType = text.xcconfig; name = "Pods-Lava Jato.release.xcconfig"; path = "Target Support Files/Pods-Lava Jato/Pods-Lava Jato.release.xcconfig"; sourceTree = "<group>"; };
		A20B841627DF051B00F29991 /* CellTableViewCell.swift */ = {isa = PBXFileReference; lastKnownFileType = sourcecode.swift; path = CellTableViewCell.swift; sourceTree = "<group>"; };
		A20B841727DF051B00F29991 /* CellTableViewCell.xib */ = {isa = PBXFileReference; lastKnownFileType = file.xib; path = CellTableViewCell.xib; sourceTree = "<group>"; };
		A212221027D13E3500B24208 /* RequestService.storyboard */ = {isa = PBXFileReference; lastKnownFileType = file.storyboard; path = RequestService.storyboard; sourceTree = "<group>"; };
		A212221227D13E5300B24208 /* RequestServiceViewController.swift */ = {isa = PBXFileReference; lastKnownFileType = sourcecode.swift; path = RequestServiceViewController.swift; sourceTree = "<group>"; };
		A212221427D13E6C00B24208 /* MyServices.storyboard */ = {isa = PBXFileReference; lastKnownFileType = file.storyboard; path = MyServices.storyboard; sourceTree = "<group>"; };
		A212221627D13E7F00B24208 /* MyServicesViewController.swift */ = {isa = PBXFileReference; lastKnownFileType = sourcecode.swift; path = MyServicesViewController.swift; sourceTree = "<group>"; };
		A212221827D13E9700B24208 /* ListOfProfessionals.storyboard */ = {isa = PBXFileReference; lastKnownFileType = file.storyboard; path = ListOfProfessionals.storyboard; sourceTree = "<group>"; };
		A212221A27D13EB000B24208 /* ListOfProfessionalsViewController.swift */ = {isa = PBXFileReference; lastKnownFileType = sourcecode.swift; path = ListOfProfessionalsViewController.swift; sourceTree = "<group>"; };
		A212221D27D13EE500B24208 /* MyCustomCell.swift */ = {isa = PBXFileReference; lastKnownFileType = sourcecode.swift; path = MyCustomCell.swift; sourceTree = "<group>"; };
		A212221E27D13EE500B24208 /* MyCustomCell.xib */ = {isa = PBXFileReference; lastKnownFileType = file.xib; path = MyCustomCell.xib; sourceTree = "<group>"; };
		A21A38CF282C53FD0013D3B6 /* Users.swift */ = {isa = PBXFileReference; fileEncoding = 4; lastKnownFileType = sourcecode.swift; path = Users.swift; sourceTree = "<group>"; };
		A275B14C285069AB0088237C /* Cell2TableViewCell.swift */ = {isa = PBXFileReference; lastKnownFileType = sourcecode.swift; path = Cell2TableViewCell.swift; sourceTree = "<group>"; };
		A275B14D285069AB0088237C /* Cell2TableViewCell.xib */ = {isa = PBXFileReference; lastKnownFileType = file.xib; path = Cell2TableViewCell.xib; sourceTree = "<group>"; };
		A27E7BAE282D80F10039C3F7 /* RequestViewModel.swift */ = {isa = PBXFileReference; lastKnownFileType = sourcecode.swift; path = RequestViewModel.swift; sourceTree = "<group>"; };
		A27E7BB1282D8B6B0039C3F7 /* ServiceViewModel.swift */ = {isa = PBXFileReference; lastKnownFileType = sourcecode.swift; path = ServiceViewModel.swift; sourceTree = "<group>"; };
		A284A53A282C832000D4241C /* ListViewModel.swift */ = {isa = PBXFileReference; lastKnownFileType = sourcecode.swift; path = ListViewModel.swift; sourceTree = "<group>"; };
		A284A53D282C881600D4241C /* HistoryService.swift */ = {isa = PBXFileReference; lastKnownFileType = sourcecode.swift; path = HistoryService.swift; sourceTree = "<group>"; };
		A28C3019283F8E14001CF104 /* GoogleService-Info.plist */ = {isa = PBXFileReference; fileEncoding = 4; lastKnownFileType = text.plist.xml; path = "GoogleService-Info.plist"; sourceTree = "<group>"; };
		A2F799CC27DC6A49005A53A3 /* CustomRowTableViewCell.swift */ = {isa = PBXFileReference; lastKnownFileType = sourcecode.swift; path = CustomRowTableViewCell.swift; sourceTree = "<group>"; };
		A2F799CD27DC6A49005A53A3 /* CustomRowTableViewCell.xib */ = {isa = PBXFileReference; lastKnownFileType = file.xib; path = CustomRowTableViewCell.xib; sourceTree = "<group>"; };
		A2F799D727DC6CC8005A53A3 /* Model.swift */ = {isa = PBXFileReference; lastKnownFileType = sourcecode.swift; path = Model.swift; sourceTree = "<group>"; };
		DA107B3C2828ACD100F40F22 /* AlertController.swift */ = {isa = PBXFileReference; lastKnownFileType = sourcecode.swift; path = AlertController.swift; sourceTree = "<group>"; };
		DA107B422828AD5C00F40F22 /* ViewModelNotificationScreen.swift */ = {isa = PBXFileReference; lastKnownFileType = sourcecode.swift; path = ViewModelNotificationScreen.swift; sourceTree = "<group>"; };
		DA107B482828AFDA00F40F22 /* User.swift */ = {isa = PBXFileReference; lastKnownFileType = sourcecode.swift; path = User.swift; sourceTree = "<group>"; };
		DA107B4A2828AFED00F40F22 /* ViewModelEditProfile.swift */ = {isa = PBXFileReference; lastKnownFileType = sourcecode.swift; path = ViewModelEditProfile.swift; sourceTree = "<group>"; };
		DA12C77927D105BA00B6F080 /* ProfileEditViewController.swift */ = {isa = PBXFileReference; lastKnownFileType = sourcecode.swift; path = ProfileEditViewController.swift; sourceTree = "<group>"; };
		DA23ECCA2828BA5500C9E4FD /* ViewModelScreenRegister.swift */ = {isa = PBXFileReference; lastKnownFileType = sourcecode.swift; path = ViewModelScreenRegister.swift; sourceTree = "<group>"; };
		DA57F347284EFD9B00A10550 /* PaymmentViewController.swift */ = {isa = PBXFileReference; fileEncoding = 4; lastKnownFileType = sourcecode.swift; path = PaymmentViewController.swift; sourceTree = "<group>"; };
		DA57F349284EFD9B00A10550 /* PaymmentViewController.storyboard */ = {isa = PBXFileReference; fileEncoding = 4; lastKnownFileType = file.storyboard; path = PaymmentViewController.storyboard; sourceTree = "<group>"; };
		DA625171284F7A1A001FFE31 /* PaymmentScreenViewModel.swift */ = {isa = PBXFileReference; lastKnownFileType = sourcecode.swift; path = PaymmentScreenViewModel.swift; sourceTree = "<group>"; };
		DA72E19E2847D8DA00730217 /* OpenURL.swift */ = {isa = PBXFileReference; lastKnownFileType = sourcecode.swift; path = OpenURL.swift; sourceTree = "<group>"; };
		DA9954C527DF895700C89D76 /* Profile.swift */ = {isa = PBXFileReference; lastKnownFileType = sourcecode.swift; path = Profile.swift; sourceTree = "<group>"; };
		DA9954C727DF899600C89D76 /* ServiceTableViewCell.swift */ = {isa = PBXFileReference; lastKnownFileType = sourcecode.swift; path = ServiceTableViewCell.swift; sourceTree = "<group>"; };
		DA9954C827DF899600C89D76 /* ServiceTableViewCell.xib */ = {isa = PBXFileReference; lastKnownFileType = file.xib; path = ServiceTableViewCell.xib; sourceTree = "<group>"; };
		DA9954CD27DF8A2D00C89D76 /* ServicesViewController.storyboard */ = {isa = PBXFileReference; lastKnownFileType = file.storyboard; path = ServicesViewController.storyboard; sourceTree = "<group>"; };
		DA9954CF27DF8A8100C89D76 /* ServicesViewController.swift */ = {isa = PBXFileReference; lastKnownFileType = sourcecode.swift; path = ServicesViewController.swift; sourceTree = "<group>"; };
		DAA80E63282AD575009A7D73 /* HelpScreenViewModel.swift */ = {isa = PBXFileReference; lastKnownFileType = sourcecode.swift; path = HelpScreenViewModel.swift; sourceTree = "<group>"; };
		DAB173CF27D1508A00104761 /* ScreenRegisterViewController.swift */ = {isa = PBXFileReference; lastKnownFileType = sourcecode.swift; path = ScreenRegisterViewController.swift; sourceTree = "<group>"; };
		DAF0152B27C45B37009E55F6 /* HelpScreenViewController.swift */ = {isa = PBXFileReference; lastKnownFileType = sourcecode.swift; path = HelpScreenViewController.swift; sourceTree = "<group>"; };
		DAFD95FE2850E0ED006F6CAA /* UIView.swift */ = {isa = PBXFileReference; lastKnownFileType = sourcecode.swift; path = UIView.swift; sourceTree = "<group>"; };
		E10CB59327B7218100D49C01 /* ResetPasswordViewController.swift */ = {isa = PBXFileReference; lastKnownFileType = sourcecode.swift; path = ResetPasswordViewController.swift; sourceTree = "<group>"; };
		E13E5B1D27D59644000CB644 /* ErrorConectionViewController.swift */ = {isa = PBXFileReference; lastKnownFileType = sourcecode.swift; path = ErrorConectionViewController.swift; sourceTree = "<group>"; };
		E13E5B1F27D5965B000CB644 /* ErrorConection.storyboard */ = {isa = PBXFileReference; lastKnownFileType = file.storyboard; path = ErrorConection.storyboard; sourceTree = "<group>"; };
		E13E5B2427D6EBA6000CB644 /* ProfileEditViewController.storyboard */ = {isa = PBXFileReference; lastKnownFileType = file.storyboard; path = ProfileEditViewController.storyboard; sourceTree = "<group>"; };
		E13E5B2627D6EBD0000CB644 /* HelpScreenViewController.storyboard */ = {isa = PBXFileReference; lastKnownFileType = file.storyboard; path = HelpScreenViewController.storyboard; sourceTree = "<group>"; };
		E13E5B2827D6EBF6000CB644 /* ScreenRegisterViewController.storyboard */ = {isa = PBXFileReference; lastKnownFileType = file.storyboard; path = ScreenRegisterViewController.storyboard; sourceTree = "<group>"; };
		E13E5B2B27D6F5F1000CB644 /* UIcolor.swift */ = {isa = PBXFileReference; lastKnownFileType = sourcecode.swift; path = UIcolor.swift; sourceTree = "<group>"; };
		E13E5B2F27D6F781000CB644 /* UITextField.swift */ = {isa = PBXFileReference; lastKnownFileType = sourcecode.swift; path = UITextField.swift; sourceTree = "<group>"; };
		E13E5B3127D6F7FA000CB644 /* UIViewController.swift */ = {isa = PBXFileReference; lastKnownFileType = sourcecode.swift; path = UIViewController.swift; sourceTree = "<group>"; };
		E13E5B3727D7005E000CB644 /* SF-Pro-Text-Semibold.otf */ = {isa = PBXFileReference; lastKnownFileType = file; path = "SF-Pro-Text-Semibold.otf"; sourceTree = "<group>"; };
		E13E5B3927D70086000CB644 /* SF-Pro-Text-Light.otf */ = {isa = PBXFileReference; lastKnownFileType = file; path = "SF-Pro-Text-Light.otf"; sourceTree = "<group>"; };
		E13E5B3B27D700A1000CB644 /* SF-Pro-Text-Medium.otf */ = {isa = PBXFileReference; lastKnownFileType = file; path = "SF-Pro-Text-Medium.otf"; sourceTree = "<group>"; };
		E13E5B3D27D700B1000CB644 /* SF-Pro-Text-Regular.otf */ = {isa = PBXFileReference; lastKnownFileType = file; path = "SF-Pro-Text-Regular.otf"; sourceTree = "<group>"; };
		E13E5B3F27D700C9000CB644 /* SF-Pro-Text-Bold.otf */ = {isa = PBXFileReference; lastKnownFileType = file; path = "SF-Pro-Text-Bold.otf"; sourceTree = "<group>"; };
		E15CA71527D52E5B002355B9 /* LoginViewController.storyboard */ = {isa = PBXFileReference; lastKnownFileType = file.storyboard; path = LoginViewController.storyboard; sourceTree = "<group>"; };
		E15CA71827D52F1D002355B9 /* ResetPasswordViewController.storyboard */ = {isa = PBXFileReference; lastKnownFileType = file.storyboard; path = ResetPasswordViewController.storyboard; sourceTree = "<group>"; };
		E15CA71B27D53366002355B9 /* Maps.storyboard */ = {isa = PBXFileReference; lastKnownFileType = file.storyboard; path = Maps.storyboard; sourceTree = "<group>"; };
		E15CA71F27D56A2E002355B9 /* MapsViewController.swift */ = {isa = PBXFileReference; lastKnownFileType = sourcecode.swift; path = MapsViewController.swift; sourceTree = "<group>"; };
		E162E07327ADF53E00C6AD32 /* Lava Jato.app */ = {isa = PBXFileReference; explicitFileType = wrapper.application; includeInIndex = 0; path = "Lava Jato.app"; sourceTree = BUILT_PRODUCTS_DIR; };
		E162E07627ADF53E00C6AD32 /* AppDelegate.swift */ = {isa = PBXFileReference; lastKnownFileType = sourcecode.swift; path = AppDelegate.swift; sourceTree = "<group>"; };
		E162E07827ADF53E00C6AD32 /* SceneDelegate.swift */ = {isa = PBXFileReference; lastKnownFileType = sourcecode.swift; path = SceneDelegate.swift; sourceTree = "<group>"; };
		E162E07A27ADF53E00C6AD32 /* LoginViewController.swift */ = {isa = PBXFileReference; lastKnownFileType = sourcecode.swift; path = LoginViewController.swift; sourceTree = "<group>"; };
		E162E07F27ADF54000C6AD32 /* Assets.xcassets */ = {isa = PBXFileReference; lastKnownFileType = folder.assetcatalog; path = Assets.xcassets; sourceTree = "<group>"; };
		E162E08227ADF54000C6AD32 /* Base */ = {isa = PBXFileReference; lastKnownFileType = file.storyboard; name = Base; path = Base.lproj/LaunchScreen.storyboard; sourceTree = "<group>"; };
		E162E08427ADF54000C6AD32 /* Info.plist */ = {isa = PBXFileReference; lastKnownFileType = text.plist.xml; path = Info.plist; sourceTree = "<group>"; };
		E18703D927E9210A005B3AA9 /* HomeViewController.swift */ = {isa = PBXFileReference; fileEncoding = 4; lastKnownFileType = sourcecode.swift; path = HomeViewController.swift; sourceTree = "<group>"; };
		E18703DC27E94E39005B3AA9 /* ChangePasswordViewController.swift */ = {isa = PBXFileReference; lastKnownFileType = sourcecode.swift; path = ChangePasswordViewController.swift; sourceTree = "<group>"; };
		E18703DE27E94E5E005B3AA9 /* ChangePasswordViewController.storyboard */ = {isa = PBXFileReference; lastKnownFileType = file.storyboard; path = ChangePasswordViewController.storyboard; sourceTree = "<group>"; };
		F1B8CAC749444354C565C54F /* Pods-Lava Jato.debug.xcconfig */ = {isa = PBXFileReference; includeInIndex = 1; lastKnownFileType = text.xcconfig; name = "Pods-Lava Jato.debug.xcconfig"; path = "Target Support Files/Pods-Lava Jato/Pods-Lava Jato.debug.xcconfig"; sourceTree = "<group>"; };
/* End PBXFileReference section */

/* Begin PBXFrameworksBuildPhase section */
		E162E07027ADF53E00C6AD32 /* Frameworks */ = {
			isa = PBXFrameworksBuildPhase;
			buildActionMask = 2147483647;
			files = (
				372A544223C2270895EB6324 /* Pods_Lava_Jato.framework in Frameworks */,
			);
			runOnlyForDeploymentPostprocessing = 0;
		};
/* End PBXFrameworksBuildPhase section */

/* Begin PBXGroup section */
		0AFCC2BDC6E472DEA16F06B4 /* Frameworks */ = {
			isa = PBXGroup;
			children = (
				30002CE5CED26683DBD034FA /* Pods_Lava_Jato.framework */,
			);
			name = Frameworks;
			sourceTree = "<group>";
		};
		44177A3E2828872F00496587 /* Controller */ = {
			isa = PBXGroup;
			children = (
				44CB763127E941F700A029FA /* FilterViewController.swift */,
			);
			path = Controller;
			sourceTree = "<group>";
		};
		44177A3F2828885900496587 /* View */ = {
			isa = PBXGroup;
			children = (
				44CB761B27E941B600A029FA /* PlaceCell */,
				44CB762027E941C200A029FA /* PriceCell */,
				44CB762527E941C800A029FA /* ElementCell */,
				44CB763327E941FD00A029FA /* FilterViewController.storyboard */,
			);
			path = View;
			sourceTree = "<group>";
		};
		44177A40282888DF00496587 /* View */ = {
			isa = PBXGroup;
			children = (
				443BAE9727BF4DE400751C16 /* MainScreen.storyboard */,
				44FA259B28177C5C006C1CFB /* Cell */,
			);
			path = View;
			sourceTree = "<group>";
		};
		44177A412828895700496587 /* Controller */ = {
			isa = PBXGroup;
			children = (
				E18703D927E9210A005B3AA9 /* HomeViewController.swift */,
			);
			path = Controller;
			sourceTree = "<group>";
		};
		44177A4428288B2900496587 /* View */ = {
			isa = PBXGroup;
			children = (
				442DD11D27D05D0900C4F033 /* UserProfileViewController.storyboard */,
			);
			path = View;
			sourceTree = "<group>";
		};
		44177A4528288B3900496587 /* Controller */ = {
			isa = PBXGroup;
			children = (
				449EFAA627DE3AF3002111DE /* UserProfileViewController.swift */,
			);
			path = Controller;
			sourceTree = "<group>";
		};
		442DD11327D05AD300C4F033 /* Filter */ = {
			isa = PBXGroup;
			children = (
				44CB2776282998AB00A7FD62 /* ViewModel */,
				44177A3F2828885900496587 /* View */,
				44177A3E2828872F00496587 /* Controller */,
			);
			path = Filter;
			sourceTree = "<group>";
		};
		442DD11427D05ADF00C4F033 /* UserProfile */ = {
			isa = PBXGroup;
			children = (
				44177A4528288B3900496587 /* Controller */,
				44177A4428288B2900496587 /* View */,
			);
			path = UserProfile;
			sourceTree = "<group>";
		};
		443BAE8D27BF454800751C16 /* Features */ = {
			isa = PBXGroup;
			children = (
				DA57F345284EFD9B00A10550 /* PaymmentScreen */,
				44C17857282C683C000AF2B9 /* NewService */,
				E18703DB27E94DE7005B3AA9 /* ChangePassword */,
				DA9954C227DF891E00C89D76 /* ServiceScreen */,
				E13E5B2327D5ACF7000CB644 /* EditProfile */,
				E13E5B2227D5ACDE000CB644 /* HelpScreen */,
				E13E5B2127D5ACC7000CB644 /* ScreenRegister */,
				E15CA71427D52C3B002355B9 /* Login */,
				E15CA71A27D53348002355B9 /* Maps */,
				E13E5B1C27D595FF000CB644 /* ErrorConection */,
				E15CA71727D52F02002355B9 /* ResetPassword */,
				A212220F27D13E0100B24208 /* RequestService */,
				A212220E27D13DB400B24208 /* MyServices */,
				A212220D27D13DA200B24208 /* ListOfProfessionals */,
				442DD11427D05ADF00C4F033 /* UserProfile */,
				442DD11327D05AD300C4F033 /* Filter */,
				443BAE9527BF4C6800751C16 /* HomeScreen */,
			);
			path = Features;
			sourceTree = "<group>";
		};
		443BAE9527BF4C6800751C16 /* HomeScreen */ = {
			isa = PBXGroup;
			children = (
				44B986D0282C0CF400F4D4D1 /* ViewModel */,
				44177A40282888DF00496587 /* View */,
				44177A412828895700496587 /* Controller */,
			);
			path = HomeScreen;
			sourceTree = "<group>";
		};
		444B7E0C28317C2D007D996E /* Recovered References */ = {
			isa = PBXGroup;
			children = (
				44B986D3282C13EB00F4D4D1 /* ModelService.swift */,
			);
			name = "Recovered References";
			sourceTree = "<group>";
		};
		444B7E0F2831809B007D996E /* Cell */ = {
			isa = PBXGroup;
			children = (
				444B7E102831818D007D996E /* NewServiceTableViewCell.swift */,
				444B7E112831818D007D996E /* NewServiceTableViewCell.xib */,
			);
			path = Cell;
			sourceTree = "<group>";
		};
		444B7E1728318209007D996E /* View */ = {
			isa = PBXGroup;
			children = (
				44779A93282D838D00289C7E /* NewServiceStoryBoard.storyboard */,
			);
			path = View;
			sourceTree = "<group>";
		};
		444B7E1828318210007D996E /* Controller */ = {
			isa = PBXGroup;
			children = (
				44C17858282C6875000AF2B9 /* NewServiceViewController.swift */,
			);
			path = Controller;
			sourceTree = "<group>";
		};
		444B7E1928318BD4007D996E /* ViewModel */ = {
			isa = PBXGroup;
			children = (
				444B7E1A28318BF7007D996E /* NewServiceViewModel.swift */,
			);
			path = ViewModel;
			sourceTree = "<group>";
		};
		44B986D0282C0CF400F4D4D1 /* ViewModel */ = {
			isa = PBXGroup;
			children = (
				44B986D1282C0D0D00F4D4D1 /* HomeViewModel.swift */,
			);
			path = ViewModel;
			sourceTree = "<group>";
		};
		44C17857282C683C000AF2B9 /* NewService */ = {
			isa = PBXGroup;
			children = (
				444B7E1928318BD4007D996E /* ViewModel */,
				444B7E1828318210007D996E /* Controller */,
				444B7E1728318209007D996E /* View */,
				444B7E0F2831809B007D996E /* Cell */,
			);
			path = NewService;
			sourceTree = "<group>";
		};
		44CB2776282998AB00A7FD62 /* ViewModel */ = {
			isa = PBXGroup;
			children = (
				44CB2777282998CB00A7FD62 /* FilterViewModel.swift */,
			);
			path = ViewModel;
			sourceTree = "<group>";
		};
		44CB761B27E941B600A029FA /* PlaceCell */ = {
			isa = PBXGroup;
			children = (
				44CB761D27E941B600A029FA /* PlaceCollectionViewCell.swift */,
				44CB761C27E941B600A029FA /* PlaceCollectionViewCell.xib */,
			);
			path = PlaceCell;
			sourceTree = "<group>";
		};
		44CB762027E941C200A029FA /* PriceCell */ = {
			isa = PBXGroup;
			children = (
				44CB762127E941C200A029FA /* PriceTableViewCell.swift */,
				44CB762227E941C200A029FA /* PriceTableViewCell.xib */,
			);
			path = PriceCell;
			sourceTree = "<group>";
		};
		44CB762527E941C800A029FA /* ElementCell */ = {
			isa = PBXGroup;
			children = (
				44CB762627E941C800A029FA /* GenderTableViewCell.swift */,
				44CB762727E941C800A029FA /* GenderTableViewCell.xib */,
			);
			path = ElementCell;
			sourceTree = "<group>";
		};
		44FA259B28177C5C006C1CFB /* Cell */ = {
			isa = PBXGroup;
			children = (
				44FA259C28177CB7006C1CFB /* ServicesCollectionViewCell.swift */,
				44FA259D28177CB7006C1CFB /* ServicesCollectionViewCell.xib */,
			);
			path = Cell;
			sourceTree = "<group>";
		};
		68ABB571C485D0786C8C9893 /* Pods */ = {
			isa = PBXGroup;
			children = (
				F1B8CAC749444354C565C54F /* Pods-Lava Jato.debug.xcconfig */,
				69F0FE173FB565D60EF8D8F4 /* Pods-Lava Jato.release.xcconfig */,
			);
			path = Pods;
			sourceTree = "<group>";
		};
		A20B840C27DED68700F29991 /* Cell1 */ = {
			isa = PBXGroup;
			children = (
				A20B841627DF051B00F29991 /* CellTableViewCell.swift */,
				A20B841727DF051B00F29991 /* CellTableViewCell.xib */,
			);
			path = Cell1;
			sourceTree = "<group>";
		};
		A212220D27D13DA200B24208 /* ListOfProfessionals */ = {
			isa = PBXGroup;
			children = (
				A284A53F282C8D9A00D4241C /* ViewModel */,
				A212221A27D13EB000B24208 /* ListOfProfessionalsViewController.swift */,
				A212221827D13E9700B24208 /* ListOfProfessionals.storyboard */,
				A212221C27D13EB500B24208 /* CellList */,
			);
			path = ListOfProfessionals;
			sourceTree = "<group>";
		};
		A212220E27D13DB400B24208 /* MyServices */ = {
			isa = PBXGroup;
			children = (
				A27E7BB0282D8B4B0039C3F7 /* ServiceViewModel */,
				A212221427D13E6C00B24208 /* MyServices.storyboard */,
				A212221627D13E7F00B24208 /* MyServicesViewController.swift */,
				A2F799CB27DC6A1D005A53A3 /* Cell */,
			);
			path = MyServices;
			sourceTree = "<group>";
		};
		A212220F27D13E0100B24208 /* RequestService */ = {
			isa = PBXGroup;
			children = (
				A27E7BAD282D80D90039C3F7 /* RequestViewModel */,
				A212221227D13E5300B24208 /* RequestServiceViewController.swift */,
				A212221027D13E3500B24208 /* RequestService.storyboard */,
				A20B840C27DED68700F29991 /* Cell1 */,
				A275B14B2850697D0088237C /* NewCell */,
			);
			path = RequestService;
			sourceTree = "<group>";
		};
		A212221C27D13EB500B24208 /* CellList */ = {
			isa = PBXGroup;
			children = (
				A212221D27D13EE500B24208 /* MyCustomCell.swift */,
				A212221E27D13EE500B24208 /* MyCustomCell.xib */,
			);
			path = CellList;
			sourceTree = "<group>";
		};
		A275B14B2850697D0088237C /* NewCell */ = {
			isa = PBXGroup;
			children = (
				A275B14C285069AB0088237C /* Cell2TableViewCell.swift */,
				A275B14D285069AB0088237C /* Cell2TableViewCell.xib */,
			);
			path = NewCell;
			sourceTree = "<group>";
		};
		A27E7BAD282D80D90039C3F7 /* RequestViewModel */ = {
			isa = PBXGroup;
			children = (
				A27E7BAE282D80F10039C3F7 /* RequestViewModel.swift */,
			);
			path = RequestViewModel;
			sourceTree = "<group>";
		};
		A27E7BB0282D8B4B0039C3F7 /* ServiceViewModel */ = {
			isa = PBXGroup;
			children = (
				A27E7BB1282D8B6B0039C3F7 /* ServiceViewModel.swift */,
			);
			path = ServiceViewModel;
			sourceTree = "<group>";
		};
		A284A53C282C87A200D4241C /* Network */ = {
			isa = PBXGroup;
			children = (
				A284A53D282C881600D4241C /* HistoryService.swift */,
			);
			path = Network;
			sourceTree = "<group>";
		};
		A284A53F282C8D9A00D4241C /* ViewModel */ = {
			isa = PBXGroup;
			children = (
				A284A53A282C832000D4241C /* ListViewModel.swift */,
			);
			path = ViewModel;
			sourceTree = "<group>";
		};
		A2F799CB27DC6A1D005A53A3 /* Cell */ = {
			isa = PBXGroup;
			children = (
				A2F799CC27DC6A49005A53A3 /* CustomRowTableViewCell.swift */,
				A2F799CD27DC6A49005A53A3 /* CustomRowTableViewCell.xib */,
			);
			path = Cell;
			sourceTree = "<group>";
		};
		A2F799D627DC6CAB005A53A3 /* Model */ = {
			isa = PBXGroup;
			children = (
				A2F799D727DC6CC8005A53A3 /* Model.swift */,
				44A1D929282A056E0058A4F8 /* Users.json */,
				444B7E0D28317C46007D996E /* ModelService.swift */,
				A21A38CF282C53FD0013D3B6 /* Users.swift */,
			);
			path = Model;
			sourceTree = "<group>";
		};
		DA107B3E2828AD0C00F40F22 /* ViewModel */ = {
			isa = PBXGroup;
			children = (
				DA107B422828AD5C00F40F22 /* ViewModelNotificationScreen.swift */,
			);
			path = ViewModel;
			sourceTree = "<group>";
		};
		DA107B3F2828AD1400F40F22 /* Controller */ = {
			isa = PBXGroup;
			children = (
				DA9954CF27DF8A8100C89D76 /* ServicesViewController.swift */,
			);
			path = Controller;
			sourceTree = "<group>";
		};
		DA107B402828AD1A00F40F22 /* View */ = {
			isa = PBXGroup;
			children = (
				DA9954CD27DF8A2D00C89D76 /* ServicesViewController.storyboard */,
				DA9954C327DF892800C89D76 /* Cell */,
			);
			path = View;
			sourceTree = "<group>";
		};
		DA107B442828AFA400F40F22 /* Model */ = {
			isa = PBXGroup;
			children = (
				DA107B482828AFDA00F40F22 /* User.swift */,
			);
			path = Model;
			sourceTree = "<group>";
		};
		DA107B452828AFAA00F40F22 /* ViewModel */ = {
			isa = PBXGroup;
			children = (
				DA107B4A2828AFED00F40F22 /* ViewModelEditProfile.swift */,
			);
			path = ViewModel;
			sourceTree = "<group>";
		};
		DA107B462828AFB000F40F22 /* Controller */ = {
			isa = PBXGroup;
			children = (
				DA12C77927D105BA00B6F080 /* ProfileEditViewController.swift */,
			);
			path = Controller;
			sourceTree = "<group>";
		};
		DA107B472828AFB500F40F22 /* View */ = {
			isa = PBXGroup;
			children = (
				E13E5B2427D6EBA6000CB644 /* ProfileEditViewController.storyboard */,
			);
			path = View;
			sourceTree = "<group>";
		};
		DA107B4D2828B7EE00F40F22 /* ViewModel */ = {
			isa = PBXGroup;
			children = (
				DA23ECCA2828BA5500C9E4FD /* ViewModelScreenRegister.swift */,
			);
			path = ViewModel;
			sourceTree = "<group>";
		};
		DA107B4E2828B7F500F40F22 /* View */ = {
			isa = PBXGroup;
			children = (
				E13E5B2827D6EBF6000CB644 /* ScreenRegisterViewController.storyboard */,
			);
			path = View;
			sourceTree = "<group>";
		};
		DA107B4F2828B7FA00F40F22 /* Controller */ = {
			isa = PBXGroup;
			children = (
				DAB173CF27D1508A00104761 /* ScreenRegisterViewController.swift */,
			);
			path = Controller;
			sourceTree = "<group>";
		};
		DA57F345284EFD9B00A10550 /* PaymmentScreen */ = {
			isa = PBXGroup;
			children = (
				DA625170284F79F8001FFE31 /* ViewModel */,
				DA57F346284EFD9B00A10550 /* Controller */,
				DA57F348284EFD9B00A10550 /* View */,
			);
			path = PaymmentScreen;
			sourceTree = "<group>";
		};
		DA57F346284EFD9B00A10550 /* Controller */ = {
			isa = PBXGroup;
			children = (
				DA57F347284EFD9B00A10550 /* PaymmentViewController.swift */,
			);
			path = Controller;
			sourceTree = "<group>";
		};
		DA57F348284EFD9B00A10550 /* View */ = {
			isa = PBXGroup;
			children = (
				DA57F349284EFD9B00A10550 /* PaymmentViewController.storyboard */,
			);
			path = View;
			sourceTree = "<group>";
		};
		DA625170284F79F8001FFE31 /* ViewModel */ = {
			isa = PBXGroup;
			children = (
				DA625171284F7A1A001FFE31 /* PaymmentScreenViewModel.swift */,
			);
			path = ViewModel;
			sourceTree = "<group>";
		};
		DA9954C227DF891E00C89D76 /* ServiceScreen */ = {
			isa = PBXGroup;
			children = (
				DA107B402828AD1A00F40F22 /* View */,
				DA107B3F2828AD1400F40F22 /* Controller */,
				DA107B3E2828AD0C00F40F22 /* ViewModel */,
				DA9954C427DF892C00C89D76 /* Model */,
			);
			path = ServiceScreen;
			sourceTree = "<group>";
		};
		DA9954C327DF892800C89D76 /* Cell */ = {
			isa = PBXGroup;
			children = (
				DA9954C727DF899600C89D76 /* ServiceTableViewCell.swift */,
				DA9954C827DF899600C89D76 /* ServiceTableViewCell.xib */,
			);
			path = Cell;
			sourceTree = "<group>";
		};
		DA9954C427DF892C00C89D76 /* Model */ = {
			isa = PBXGroup;
			children = (
				DA9954C527DF895700C89D76 /* Profile.swift */,
			);
			path = Model;
			sourceTree = "<group>";
		};
		DAA80E61282AD542009A7D73 /* View */ = {
			isa = PBXGroup;
			children = (
				E13E5B2627D6EBD0000CB644 /* HelpScreenViewController.storyboard */,
			);
			path = View;
			sourceTree = "<group>";
		};
		DAA80E62282AD548009A7D73 /* Controller */ = {
			isa = PBXGroup;
			children = (
				DAF0152B27C45B37009E55F6 /* HelpScreenViewController.swift */,
			);
			path = Controller;
			sourceTree = "<group>";
		};
		DAA80E65282AE48E009A7D73 /* ViewModel */ = {
			isa = PBXGroup;
			children = (
				DAA80E63282AD575009A7D73 /* HelpScreenViewModel.swift */,
			);
			path = ViewModel;
			sourceTree = "<group>";
		};
		E13E5B1C27D595FF000CB644 /* ErrorConection */ = {
			isa = PBXGroup;
			children = (
				E1A5ACA5282C596E002B07CA /* View */,
				E1A5ACA4282C5964002B07CA /* ViewModel */,
				E1A5ACA3282C5959002B07CA /* Controller */,
			);
			path = ErrorConection;
			sourceTree = "<group>";
		};
		E13E5B2127D5ACC7000CB644 /* ScreenRegister */ = {
			isa = PBXGroup;
			children = (
				DA107B4F2828B7FA00F40F22 /* Controller */,
				DA107B4E2828B7F500F40F22 /* View */,
				DA107B4D2828B7EE00F40F22 /* ViewModel */,
			);
			path = ScreenRegister;
			sourceTree = "<group>";
		};
		E13E5B2227D5ACDE000CB644 /* HelpScreen */ = {
			isa = PBXGroup;
			children = (
				DAA80E65282AE48E009A7D73 /* ViewModel */,
				DAA80E62282AD548009A7D73 /* Controller */,
				DAA80E61282AD542009A7D73 /* View */,
			);
			path = HelpScreen;
			sourceTree = "<group>";
		};
		E13E5B2327D5ACF7000CB644 /* EditProfile */ = {
			isa = PBXGroup;
			children = (
				DA107B472828AFB500F40F22 /* View */,
				DA107B462828AFB000F40F22 /* Controller */,
				DA107B452828AFAA00F40F22 /* ViewModel */,
				DA107B442828AFA400F40F22 /* Model */,
			);
			path = EditProfile;
			sourceTree = "<group>";
		};
		E13E5B2A27D6F59C000CB644 /* Extensions */ = {
			isa = PBXGroup;
			children = (
				E13E5B2B27D6F5F1000CB644 /* UIcolor.swift */,
				E13E5B2F27D6F781000CB644 /* UITextField.swift */,
				E13E5B3127D6F7FA000CB644 /* UIViewController.swift */,
				DA107B3C2828ACD100F40F22 /* AlertController.swift */,
				DA72E19E2847D8DA00730217 /* OpenURL.swift */,
				04760187284991E700C417DE /* UITableViewCell+Extension.swift */,
				047601892849920900C417DE /* UIResponder+Extension.swift */,
				DAFD95FE2850E0ED006F6CAA /* UIView.swift */,
			);
			path = Extensions;
			sourceTree = "<group>";
		};
		E13E5B3527D6FEA0000CB644 /* CustomFont */ = {
			isa = PBXGroup;
			children = (
				E13E5B3627D6FECB000CB644 /* fonts */,
			);
			path = CustomFont;
			sourceTree = "<group>";
		};
		E13E5B3627D6FECB000CB644 /* fonts */ = {
			isa = PBXGroup;
			children = (
				E13E5B3927D70086000CB644 /* SF-Pro-Text-Light.otf */,
				E13E5B3727D7005E000CB644 /* SF-Pro-Text-Semibold.otf */,
				E13E5B3B27D700A1000CB644 /* SF-Pro-Text-Medium.otf */,
				E13E5B3D27D700B1000CB644 /* SF-Pro-Text-Regular.otf */,
				E13E5B3F27D700C9000CB644 /* SF-Pro-Text-Bold.otf */,
			);
			path = fonts;
			sourceTree = "<group>";
		};
		E15CA71427D52C3B002355B9 /* Login */ = {
			isa = PBXGroup;
			children = (
				E1A5AC9F282C58E5002B07CA /* ViewModel */,
				E1A5AC9E282C58D3002B07CA /* Controller */,
				E1A5AC9D282C58C6002B07CA /* View */,
			);
			path = Login;
			sourceTree = "<group>";
		};
		E15CA71727D52F02002355B9 /* ResetPassword */ = {
			isa = PBXGroup;
			children = (
				E1A5ACA8282C59A3002B07CA /* View */,
				E1A5ACA7282C5999002B07CA /* ViewModel */,
				E1A5ACA6282C5990002B07CA /* Controller */,
			);
			path = ResetPassword;
			sourceTree = "<group>";
		};
		E15CA71A27D53348002355B9 /* Maps */ = {
			isa = PBXGroup;
			children = (
				E1A5ACA2282C593C002B07CA /* View */,
				E1A5ACA1282C5930002B07CA /* ViewModel */,
				E1A5ACA0282C5926002B07CA /* Controller */,
			);
			path = Maps;
			sourceTree = "<group>";
		};
		E162E06A27ADF53E00C6AD32 = {
			isa = PBXGroup;
			children = (
				E162E07527ADF53E00C6AD32 /* Lava Jato */,
				E162E07427ADF53E00C6AD32 /* Products */,
				68ABB571C485D0786C8C9893 /* Pods */,
				E13E5B3527D6FEA0000CB644 /* CustomFont */,
				444B7E0C28317C2D007D996E /* Recovered References */,
				0AFCC2BDC6E472DEA16F06B4 /* Frameworks */,
			);
			sourceTree = "<group>";
		};
		E162E07427ADF53E00C6AD32 /* Products */ = {
			isa = PBXGroup;
			children = (
				E162E07327ADF53E00C6AD32 /* Lava Jato.app */,
			);
			name = Products;
			sourceTree = "<group>";
		};
		E162E07527ADF53E00C6AD32 /* Lava Jato */ = {
			isa = PBXGroup;
			children = (
				A284A53C282C87A200D4241C /* Network */,
				E13E5B2A27D6F59C000CB644 /* Extensions */,
				443BAE8D27BF454800751C16 /* Features */,
				A2F799D627DC6CAB005A53A3 /* Model */,
				E162E07627ADF53E00C6AD32 /* AppDelegate.swift */,
				E162E07827ADF53E00C6AD32 /* SceneDelegate.swift */,
				E162E07F27ADF54000C6AD32 /* Assets.xcassets */,
				E162E08127ADF54000C6AD32 /* LaunchScreen.storyboard */,
				E162E08427ADF54000C6AD32 /* Info.plist */,
				A28C3019283F8E14001CF104 /* GoogleService-Info.plist */,
			);
			path = "Lava Jato";
			sourceTree = "<group>";
		};
		E18703DB27E94DE7005B3AA9 /* ChangePassword */ = {
			isa = PBXGroup;
			children = (
				E1A5ACAB282C59E1002B07CA /* View */,
				E1A5ACAA282C59D6002B07CA /* ViewModel */,
				E1A5ACA9282C59CC002B07CA /* Controller */,
			);
			path = ChangePassword;
			sourceTree = "<group>";
		};
		E1A5AC9D282C58C6002B07CA /* View */ = {
			isa = PBXGroup;
			children = (
				E15CA71527D52E5B002355B9 /* LoginViewController.storyboard */,
			);
			path = View;
			sourceTree = "<group>";
		};
		E1A5AC9E282C58D3002B07CA /* Controller */ = {
			isa = PBXGroup;
			children = (
				E162E07A27ADF53E00C6AD32 /* LoginViewController.swift */,
			);
			path = Controller;
			sourceTree = "<group>";
		};
		E1A5AC9F282C58E5002B07CA /* ViewModel */ = {
			isa = PBXGroup;
			children = (
			);
			path = ViewModel;
			sourceTree = "<group>";
		};
		E1A5ACA0282C5926002B07CA /* Controller */ = {
			isa = PBXGroup;
			children = (
				E15CA71F27D56A2E002355B9 /* MapsViewController.swift */,
			);
			path = Controller;
			sourceTree = "<group>";
		};
		E1A5ACA1282C5930002B07CA /* ViewModel */ = {
			isa = PBXGroup;
			children = (
			);
			path = ViewModel;
			sourceTree = "<group>";
		};
		E1A5ACA2282C593C002B07CA /* View */ = {
			isa = PBXGroup;
			children = (
				E15CA71B27D53366002355B9 /* Maps.storyboard */,
			);
			path = View;
			sourceTree = "<group>";
		};
		E1A5ACA3282C5959002B07CA /* Controller */ = {
			isa = PBXGroup;
			children = (
				E13E5B1D27D59644000CB644 /* ErrorConectionViewController.swift */,
			);
			path = Controller;
			sourceTree = "<group>";
		};
		E1A5ACA4282C5964002B07CA /* ViewModel */ = {
			isa = PBXGroup;
			children = (
			);
			path = ViewModel;
			sourceTree = "<group>";
		};
		E1A5ACA5282C596E002B07CA /* View */ = {
			isa = PBXGroup;
			children = (
				E13E5B1F27D5965B000CB644 /* ErrorConection.storyboard */,
			);
			path = View;
			sourceTree = "<group>";
		};
		E1A5ACA6282C5990002B07CA /* Controller */ = {
			isa = PBXGroup;
			children = (
				E10CB59327B7218100D49C01 /* ResetPasswordViewController.swift */,
			);
			path = Controller;
			sourceTree = "<group>";
		};
		E1A5ACA7282C5999002B07CA /* ViewModel */ = {
			isa = PBXGroup;
			children = (
			);
			path = ViewModel;
			sourceTree = "<group>";
		};
		E1A5ACA8282C59A3002B07CA /* View */ = {
			isa = PBXGroup;
			children = (
				E15CA71827D52F1D002355B9 /* ResetPasswordViewController.storyboard */,
			);
			path = View;
			sourceTree = "<group>";
		};
		E1A5ACA9282C59CC002B07CA /* Controller */ = {
			isa = PBXGroup;
			children = (
				E18703DC27E94E39005B3AA9 /* ChangePasswordViewController.swift */,
			);
			path = Controller;
			sourceTree = "<group>";
		};
		E1A5ACAA282C59D6002B07CA /* ViewModel */ = {
			isa = PBXGroup;
			children = (
			);
			path = ViewModel;
			sourceTree = "<group>";
		};
		E1A5ACAB282C59E1002B07CA /* View */ = {
			isa = PBXGroup;
			children = (
				E18703DE27E94E5E005B3AA9 /* ChangePasswordViewController.storyboard */,
			);
			path = View;
			sourceTree = "<group>";
		};
/* End PBXGroup section */

/* Begin PBXNativeTarget section */
		E162E07227ADF53E00C6AD32 /* Lava Jato */ = {
			isa = PBXNativeTarget;
			buildConfigurationList = E162E08727ADF54000C6AD32 /* Build configuration list for PBXNativeTarget "Lava Jato" */;
			buildPhases = (
				DAF4D6E3BBB67C7EBBA29C0D /* [CP] Check Pods Manifest.lock */,
				E162E06F27ADF53E00C6AD32 /* Sources */,
				E162E07027ADF53E00C6AD32 /* Frameworks */,
				E162E07127ADF53E00C6AD32 /* Resources */,
				F3AA3A76A9B8E86E321E86E2 /* [CP] Embed Pods Frameworks */,
				68E2F18B424D8757977551ED /* [CP] Copy Pods Resources */,
			);
			buildRules = (
			);
			dependencies = (
			);
			name = "Lava Jato";
			productName = "Lava Jato";
			productReference = E162E07327ADF53E00C6AD32 /* Lava Jato.app */;
			productType = "com.apple.product-type.application";
		};
/* End PBXNativeTarget section */

/* Begin PBXProject section */
		E162E06B27ADF53E00C6AD32 /* Project object */ = {
			isa = PBXProject;
			attributes = {
				BuildIndependentTargetsInParallel = 1;
				LastSwiftUpdateCheck = 1320;
				LastUpgradeCheck = 1320;
				TargetAttributes = {
					E162E07227ADF53E00C6AD32 = {
						CreatedOnToolsVersion = 13.2.1;
					};
				};
			};
			buildConfigurationList = E162E06E27ADF53E00C6AD32 /* Build configuration list for PBXProject "Lava Jato" */;
			compatibilityVersion = "Xcode 12.0";
			developmentRegion = en;
			hasScannedForEncodings = 0;
			knownRegions = (
				en,
				Base,
			);
			mainGroup = E162E06A27ADF53E00C6AD32;
			productRefGroup = E162E07427ADF53E00C6AD32 /* Products */;
			projectDirPath = "";
			projectRoot = "";
			targets = (
				E162E07227ADF53E00C6AD32 /* Lava Jato */,
			);
		};
/* End PBXProject section */

/* Begin PBXResourcesBuildPhase section */
		E162E07127ADF53E00C6AD32 /* Resources */ = {
			isa = PBXResourcesBuildPhase;
			buildActionMask = 2147483647;
			files = (
				A275B14F285069AB0088237C /* Cell2TableViewCell.xib in Resources */,
				44D3C061284EC5A6005CB252 /* NewServiceTableViewCell.xib in Resources */,
				E162E08327ADF54000C6AD32 /* LaunchScreen.storyboard in Resources */,
				DA9954CE27DF8A2D00C89D76 /* ServicesViewController.storyboard in Resources */,
				44CB762927E941C800A029FA /* GenderTableViewCell.xib in Resources */,
				44CB763427E941FD00A029FA /* FilterViewController.storyboard in Resources */,
				442DD11E27D05D0900C4F033 /* UserProfileViewController.storyboard in Resources */,
				E13E5B2027D5965B000CB644 /* ErrorConection.storyboard in Resources */,
				E13E5B2927D6EBF6000CB644 /* ScreenRegisterViewController.storyboard in Resources */,
				E15CA71C27D53366002355B9 /* Maps.storyboard in Resources */,
				E13E5B3E27D700B1000CB644 /* SF-Pro-Text-Regular.otf in Resources */,
				E13E5B2727D6EBD0000CB644 /* HelpScreenViewController.storyboard in Resources */,
				E13E5B4027D700C9000CB644 /* SF-Pro-Text-Bold.otf in Resources */,
				E18703DF27E94E5E005B3AA9 /* ChangePasswordViewController.storyboard in Resources */,
				DA9954CA27DF899600C89D76 /* ServiceTableViewCell.xib in Resources */,
				E13E5B2527D6EBA6000CB644 /* ProfileEditViewController.storyboard in Resources */,
				E13E5B3827D7005E000CB644 /* SF-Pro-Text-Semibold.otf in Resources */,
				A212221927D13E9700B24208 /* ListOfProfessionals.storyboard in Resources */,
				A20B841927DF051B00F29991 /* CellTableViewCell.xib in Resources */,
				A212221527D13E6C00B24208 /* MyServices.storyboard in Resources */,
				A2F799CF27DC6A49005A53A3 /* CustomRowTableViewCell.xib in Resources */,
				E162E08027ADF54000C6AD32 /* Assets.xcassets in Resources */,
				44CB762427E941C200A029FA /* PriceTableViewCell.xib in Resources */,
				44FA259F28177CB7006C1CFB /* ServicesCollectionViewCell.xib in Resources */,
				DA57F34B284EFD9B00A10550 /* PaymmentViewController.storyboard in Resources */,
				44A1D92A282A056E0058A4F8 /* Users.json in Resources */,
				A212221127D13E3500B24208 /* RequestService.storyboard in Resources */,
				E15CA71627D52E5B002355B9 /* LoginViewController.storyboard in Resources */,
				E13E5B3A27D70086000CB644 /* SF-Pro-Text-Light.otf in Resources */,
				E15CA71927D52F1D002355B9 /* ResetPasswordViewController.storyboard in Resources */,
				A28C301A283F8E14001CF104 /* GoogleService-Info.plist in Resources */,
				44CB761E27E941B600A029FA /* PlaceCollectionViewCell.xib in Resources */,
				A212222027D13EE500B24208 /* MyCustomCell.xib in Resources */,
				E13E5B3C27D700A1000CB644 /* SF-Pro-Text-Medium.otf in Resources */,
				443BAE9827BF4DE400751C16 /* MainScreen.storyboard in Resources */,
				44779A94282D838D00289C7E /* NewServiceStoryBoard.storyboard in Resources */,
			);
			runOnlyForDeploymentPostprocessing = 0;
		};
/* End PBXResourcesBuildPhase section */

/* Begin PBXShellScriptBuildPhase section */
		68E2F18B424D8757977551ED /* [CP] Copy Pods Resources */ = {
			isa = PBXShellScriptBuildPhase;
			buildActionMask = 2147483647;
			files = (
			);
			inputFileListPaths = (
				"${PODS_ROOT}/Target Support Files/Pods-Lava Jato/Pods-Lava Jato-resources-${CONFIGURATION}-input-files.xcfilelist",
			);
			name = "[CP] Copy Pods Resources";
			outputFileListPaths = (
				"${PODS_ROOT}/Target Support Files/Pods-Lava Jato/Pods-Lava Jato-resources-${CONFIGURATION}-output-files.xcfilelist",
			);
			runOnlyForDeploymentPostprocessing = 0;
			shellPath = /bin/sh;
			shellScript = "\"${PODS_ROOT}/Target Support Files/Pods-Lava Jato/Pods-Lava Jato-resources.sh\"\n";
			showEnvVarsInLog = 0;
		};
		DAF4D6E3BBB67C7EBBA29C0D /* [CP] Check Pods Manifest.lock */ = {
			isa = PBXShellScriptBuildPhase;
			buildActionMask = 2147483647;
			files = (
			);
			inputFileListPaths = (
			);
			inputPaths = (
				"${PODS_PODFILE_DIR_PATH}/Podfile.lock",
				"${PODS_ROOT}/Manifest.lock",
			);
			name = "[CP] Check Pods Manifest.lock";
			outputFileListPaths = (
			);
			outputPaths = (
				"$(DERIVED_FILE_DIR)/Pods-Lava Jato-checkManifestLockResult.txt",
			);
			runOnlyForDeploymentPostprocessing = 0;
			shellPath = /bin/sh;
			shellScript = "diff \"${PODS_PODFILE_DIR_PATH}/Podfile.lock\" \"${PODS_ROOT}/Manifest.lock\" > /dev/null\nif [ $? != 0 ] ; then\n    # print error to STDERR\n    echo \"error: The sandbox is not in sync with the Podfile.lock. Run 'pod install' or update your CocoaPods installation.\" >&2\n    exit 1\nfi\n# This output is used by Xcode 'outputs' to avoid re-running this script phase.\necho \"SUCCESS\" > \"${SCRIPT_OUTPUT_FILE_0}\"\n";
			showEnvVarsInLog = 0;
		};
		F3AA3A76A9B8E86E321E86E2 /* [CP] Embed Pods Frameworks */ = {
			isa = PBXShellScriptBuildPhase;
			buildActionMask = 2147483647;
			files = (
			);
			inputFileListPaths = (
				"${PODS_ROOT}/Target Support Files/Pods-Lava Jato/Pods-Lava Jato-frameworks-${CONFIGURATION}-input-files.xcfilelist",
			);
			name = "[CP] Embed Pods Frameworks";
			outputFileListPaths = (
				"${PODS_ROOT}/Target Support Files/Pods-Lava Jato/Pods-Lava Jato-frameworks-${CONFIGURATION}-output-files.xcfilelist",
			);
			runOnlyForDeploymentPostprocessing = 0;
			shellPath = /bin/sh;
			shellScript = "\"${PODS_ROOT}/Target Support Files/Pods-Lava Jato/Pods-Lava Jato-frameworks.sh\"\n";
			showEnvVarsInLog = 0;
		};
/* End PBXShellScriptBuildPhase section */

/* Begin PBXSourcesBuildPhase section */
		E162E06F27ADF53E00C6AD32 /* Sources */ = {
			isa = PBXSourcesBuildPhase;
			buildActionMask = 2147483647;
			files = (
				DA57F342284EFB9200A10550 /* UIResponder+Extension.swift in Sources */,
				E15CA72027D56A2E002355B9 /* MapsViewController.swift in Sources */,
				DA23ECCB2828BA5500C9E4FD /* ViewModelScreenRegister.swift in Sources */,
				DA625172284F7A1A001FFE31 /* PaymmentScreenViewModel.swift in Sources */,
				DA57F34A284EFD9B00A10550 /* PaymmentViewController.swift in Sources */,
				A284A53E282C881600D4241C /* HistoryService.swift in Sources */,
				E162E07B27ADF53E00C6AD32 /* LoginViewController.swift in Sources */,
				A27E7BB2282D8B6B0039C3F7 /* ServiceViewModel.swift in Sources */,
				DA9954C927DF899600C89D76 /* ServiceTableViewCell.swift in Sources */,
				44FA259E28177CB7006C1CFB /* ServicesCollectionViewCell.swift in Sources */,
				44CB761F27E941B600A029FA /* PlaceCollectionViewCell.swift in Sources */,
				E162E07727ADF53E00C6AD32 /* AppDelegate.swift in Sources */,
				A20B841827DF051B00F29991 /* CellTableViewCell.swift in Sources */,
				44CB762827E941C800A029FA /* GenderTableViewCell.swift in Sources */,
				E13E5B3227D6F7FA000CB644 /* UIViewController.swift in Sources */,
				A27E7BAF282D80F10039C3F7 /* RequestViewModel.swift in Sources */,
				444B7E0E28317C46007D996E /* ModelService.swift in Sources */,
				04760188284991E700C417DE /* UITableViewCell+Extension.swift in Sources */,
				44CB2778282998CB00A7FD62 /* FilterViewModel.swift in Sources */,
				DAB173D027D1508A00104761 /* ScreenRegisterViewController.swift in Sources */,
				A212221B27D13EB000B24208 /* ListOfProfessionalsViewController.swift in Sources */,
				E13E5B2C27D6F5F1000CB644 /* UIcolor.swift in Sources */,
				DA12C77A27D105BA00B6F080 /* ProfileEditViewController.swift in Sources */,
				E18703DD27E94E39005B3AA9 /* ChangePasswordViewController.swift in Sources */,
				44CB763227E941F700A029FA /* FilterViewController.swift in Sources */,
				E13E5B1E27D59644000CB644 /* ErrorConectionViewController.swift in Sources */,
				444B7E122831818D007D996E /* NewServiceTableViewCell.swift in Sources */,
				DA107B492828AFDA00F40F22 /* User.swift in Sources */,
				DA107B4B2828AFED00F40F22 /* ViewModelEditProfile.swift in Sources */,
				E13E5B3027D6F781000CB644 /* UITextField.swift in Sources */,
				449EFAA727DE3AF4002111DE /* UserProfileViewController.swift in Sources */,
				DA9954C627DF895700C89D76 /* Profile.swift in Sources */,
				DA107B432828AD5C00F40F22 /* ViewModelNotificationScreen.swift in Sources */,
				DA72E19F2847D8DA00730217 /* OpenURL.swift in Sources */,
				A21A38D0282C53FD0013D3B6 /* Users.swift in Sources */,
				DAA80E64282AD575009A7D73 /* HelpScreenViewModel.swift in Sources */,
				E162E07927ADF53E00C6AD32 /* SceneDelegate.swift in Sources */,
				DAF0152C27C45B38009E55F6 /* HelpScreenViewController.swift in Sources */,
				A212221727D13E7F00B24208 /* MyServicesViewController.swift in Sources */,
				44CB762327E941C200A029FA /* PriceTableViewCell.swift in Sources */,
				444B7E1B28318BF7007D996E /* NewServiceViewModel.swift in Sources */,
				DA107B3D2828ACD100F40F22 /* AlertController.swift in Sources */,
				A212221F27D13EE500B24208 /* MyCustomCell.swift in Sources */,
				E18703DA27E9210A005B3AA9 /* HomeViewController.swift in Sources */,
				DAFD95FF2850E0ED006F6CAA /* UIView.swift in Sources */,
				A2F799CE27DC6A49005A53A3 /* CustomRowTableViewCell.swift in Sources */,
				DA9954D027DF8A8100C89D76 /* ServicesViewController.swift in Sources */,
				A284A53B282C832000D4241C /* ListViewModel.swift in Sources */,
				A2F799D827DC6CC8005A53A3 /* Model.swift in Sources */,
				A212221327D13E5300B24208 /* RequestServiceViewController.swift in Sources */,
				A275B14E285069AB0088237C /* Cell2TableViewCell.swift in Sources */,
				44C17859282C6875000AF2B9 /* NewServiceViewController.swift in Sources */,
				E10CB59427B7218100D49C01 /* ResetPasswordViewController.swift in Sources */,
				44B986D2282C0D0D00F4D4D1 /* HomeViewModel.swift in Sources */,
			);
			runOnlyForDeploymentPostprocessing = 0;
		};
/* End PBXSourcesBuildPhase section */

/* Begin PBXVariantGroup section */
		E162E08127ADF54000C6AD32 /* LaunchScreen.storyboard */ = {
			isa = PBXVariantGroup;
			children = (
				E162E08227ADF54000C6AD32 /* Base */,
			);
			name = LaunchScreen.storyboard;
			sourceTree = "<group>";
		};
/* End PBXVariantGroup section */

/* Begin XCBuildConfiguration section */
		E162E08527ADF54000C6AD32 /* Debug */ = {
			isa = XCBuildConfiguration;
			buildSettings = {
				ALWAYS_SEARCH_USER_PATHS = NO;
				CLANG_ANALYZER_NONNULL = YES;
				CLANG_ANALYZER_NUMBER_OBJECT_CONVERSION = YES_AGGRESSIVE;
				CLANG_CXX_LANGUAGE_STANDARD = "gnu++17";
				CLANG_CXX_LIBRARY = "libc++";
				CLANG_ENABLE_MODULES = YES;
				CLANG_ENABLE_OBJC_ARC = YES;
				CLANG_ENABLE_OBJC_WEAK = YES;
				CLANG_WARN_BLOCK_CAPTURE_AUTORELEASING = YES;
				CLANG_WARN_BOOL_CONVERSION = YES;
				CLANG_WARN_COMMA = YES;
				CLANG_WARN_CONSTANT_CONVERSION = YES;
				CLANG_WARN_DEPRECATED_OBJC_IMPLEMENTATIONS = YES;
				CLANG_WARN_DIRECT_OBJC_ISA_USAGE = YES_ERROR;
				CLANG_WARN_DOCUMENTATION_COMMENTS = YES;
				CLANG_WARN_EMPTY_BODY = YES;
				CLANG_WARN_ENUM_CONVERSION = YES;
				CLANG_WARN_INFINITE_RECURSION = YES;
				CLANG_WARN_INT_CONVERSION = YES;
				CLANG_WARN_NON_LITERAL_NULL_CONVERSION = YES;
				CLANG_WARN_OBJC_IMPLICIT_RETAIN_SELF = YES;
				CLANG_WARN_OBJC_LITERAL_CONVERSION = YES;
				CLANG_WARN_OBJC_ROOT_CLASS = YES_ERROR;
				CLANG_WARN_QUOTED_INCLUDE_IN_FRAMEWORK_HEADER = YES;
				CLANG_WARN_RANGE_LOOP_ANALYSIS = YES;
				CLANG_WARN_STRICT_PROTOTYPES = YES;
				CLANG_WARN_SUSPICIOUS_MOVE = YES;
				CLANG_WARN_UNGUARDED_AVAILABILITY = YES_AGGRESSIVE;
				CLANG_WARN_UNREACHABLE_CODE = YES;
				CLANG_WARN__DUPLICATE_METHOD_MATCH = YES;
				COPY_PHASE_STRIP = NO;
				DEBUG_INFORMATION_FORMAT = dwarf;
				ENABLE_STRICT_OBJC_MSGSEND = YES;
				ENABLE_TESTABILITY = YES;
				GCC_C_LANGUAGE_STANDARD = gnu11;
				GCC_DYNAMIC_NO_PIC = NO;
				GCC_NO_COMMON_BLOCKS = YES;
				GCC_OPTIMIZATION_LEVEL = 0;
				GCC_PREPROCESSOR_DEFINITIONS = (
					"DEBUG=1",
					"$(inherited)",
				);
				GCC_WARN_64_TO_32_BIT_CONVERSION = YES;
				GCC_WARN_ABOUT_RETURN_TYPE = YES_ERROR;
				GCC_WARN_UNDECLARED_SELECTOR = YES;
				GCC_WARN_UNINITIALIZED_AUTOS = YES_AGGRESSIVE;
				GCC_WARN_UNUSED_FUNCTION = YES;
				GCC_WARN_UNUSED_VARIABLE = YES;
				IPHONEOS_DEPLOYMENT_TARGET = 15.2;
				MTL_ENABLE_DEBUG_INFO = INCLUDE_SOURCE;
				MTL_FAST_MATH = YES;
				ONLY_ACTIVE_ARCH = YES;
				SDKROOT = iphoneos;
				SWIFT_ACTIVE_COMPILATION_CONDITIONS = DEBUG;
				SWIFT_OPTIMIZATION_LEVEL = "-Onone";
			};
			name = Debug;
		};
		E162E08627ADF54000C6AD32 /* Release */ = {
			isa = XCBuildConfiguration;
			buildSettings = {
				ALWAYS_SEARCH_USER_PATHS = NO;
				CLANG_ANALYZER_NONNULL = YES;
				CLANG_ANALYZER_NUMBER_OBJECT_CONVERSION = YES_AGGRESSIVE;
				CLANG_CXX_LANGUAGE_STANDARD = "gnu++17";
				CLANG_CXX_LIBRARY = "libc++";
				CLANG_ENABLE_MODULES = YES;
				CLANG_ENABLE_OBJC_ARC = YES;
				CLANG_ENABLE_OBJC_WEAK = YES;
				CLANG_WARN_BLOCK_CAPTURE_AUTORELEASING = YES;
				CLANG_WARN_BOOL_CONVERSION = YES;
				CLANG_WARN_COMMA = YES;
				CLANG_WARN_CONSTANT_CONVERSION = YES;
				CLANG_WARN_DEPRECATED_OBJC_IMPLEMENTATIONS = YES;
				CLANG_WARN_DIRECT_OBJC_ISA_USAGE = YES_ERROR;
				CLANG_WARN_DOCUMENTATION_COMMENTS = YES;
				CLANG_WARN_EMPTY_BODY = YES;
				CLANG_WARN_ENUM_CONVERSION = YES;
				CLANG_WARN_INFINITE_RECURSION = YES;
				CLANG_WARN_INT_CONVERSION = YES;
				CLANG_WARN_NON_LITERAL_NULL_CONVERSION = YES;
				CLANG_WARN_OBJC_IMPLICIT_RETAIN_SELF = YES;
				CLANG_WARN_OBJC_LITERAL_CONVERSION = YES;
				CLANG_WARN_OBJC_ROOT_CLASS = YES_ERROR;
				CLANG_WARN_QUOTED_INCLUDE_IN_FRAMEWORK_HEADER = YES;
				CLANG_WARN_RANGE_LOOP_ANALYSIS = YES;
				CLANG_WARN_STRICT_PROTOTYPES = YES;
				CLANG_WARN_SUSPICIOUS_MOVE = YES;
				CLANG_WARN_UNGUARDED_AVAILABILITY = YES_AGGRESSIVE;
				CLANG_WARN_UNREACHABLE_CODE = YES;
				CLANG_WARN__DUPLICATE_METHOD_MATCH = YES;
				COPY_PHASE_STRIP = NO;
				DEBUG_INFORMATION_FORMAT = "dwarf-with-dsym";
				ENABLE_NS_ASSERTIONS = NO;
				ENABLE_STRICT_OBJC_MSGSEND = YES;
				GCC_C_LANGUAGE_STANDARD = gnu11;
				GCC_NO_COMMON_BLOCKS = YES;
				GCC_WARN_64_TO_32_BIT_CONVERSION = YES;
				GCC_WARN_ABOUT_RETURN_TYPE = YES_ERROR;
				GCC_WARN_UNDECLARED_SELECTOR = YES;
				GCC_WARN_UNINITIALIZED_AUTOS = YES_AGGRESSIVE;
				GCC_WARN_UNUSED_FUNCTION = YES;
				GCC_WARN_UNUSED_VARIABLE = YES;
				IPHONEOS_DEPLOYMENT_TARGET = 15.2;
				MTL_ENABLE_DEBUG_INFO = NO;
				MTL_FAST_MATH = YES;
				SDKROOT = iphoneos;
				SWIFT_COMPILATION_MODE = wholemodule;
				SWIFT_OPTIMIZATION_LEVEL = "-O";
				VALIDATE_PRODUCT = YES;
			};
			name = Release;
		};
		E162E08827ADF54000C6AD32 /* Debug */ = {
			isa = XCBuildConfiguration;
			baseConfigurationReference = F1B8CAC749444354C565C54F /* Pods-Lava Jato.debug.xcconfig */;
			buildSettings = {
				ASSETCATALOG_COMPILER_APPICON_NAME = AppIcon;
				ASSETCATALOG_COMPILER_GLOBAL_ACCENT_COLOR_NAME = AccentColor;
				CODE_SIGN_IDENTITY = "Apple Development";
				CODE_SIGN_STYLE = Automatic;
				CURRENT_PROJECT_VERSION = 1;
				DEVELOPMENT_TEAM = RT4528VRD6;
				GENERATE_INFOPLIST_FILE = YES;
				INFOPLIST_FILE = "Lava Jato/Info.plist";
				INFOPLIST_KEY_NSPhotoLibraryAddUsageDescription = "É permitido o acesso a galeria de fotos do celular?";
				INFOPLIST_KEY_UIApplicationSupportsIndirectInputEvents = YES;
				INFOPLIST_KEY_UILaunchStoryboardName = LaunchScreen;
				INFOPLIST_KEY_UIMainStoryboardFile = LoginViewController;
				INFOPLIST_KEY_UISupportedInterfaceOrientations = UIInterfaceOrientationPortrait;
				INFOPLIST_KEY_UISupportedInterfaceOrientations_iPad = "UIInterfaceOrientationPortrait UIInterfaceOrientationPortraitUpsideDown UIInterfaceOrientationLandscapeLeft UIInterfaceOrientationLandscapeRight";
				INFOPLIST_KEY_UISupportedInterfaceOrientations_iPhone = "UIInterfaceOrientationPortrait UIInterfaceOrientationLandscapeLeft UIInterfaceOrientationLandscapeRight";
				LD_RUNPATH_SEARCH_PATHS = (
					"$(inherited)",
					"@executable_path/Frameworks",
				);
				MARKETING_VERSION = 1.0;
				PRODUCT_BUNDLE_IDENTIFIER = "junior.Lava-Jato";
				PRODUCT_NAME = "$(TARGET_NAME)";
				PROVISIONING_PROFILE_SPECIFIER = "";
				SWIFT_EMIT_LOC_STRINGS = YES;
				SWIFT_VERSION = 5.0;
				TARGETED_DEVICE_FAMILY = 1;
			};
			name = Debug;
		};
		E162E08927ADF54000C6AD32 /* Release */ = {
			isa = XCBuildConfiguration;
			baseConfigurationReference = 69F0FE173FB565D60EF8D8F4 /* Pods-Lava Jato.release.xcconfig */;
			buildSettings = {
				ASSETCATALOG_COMPILER_APPICON_NAME = AppIcon;
				ASSETCATALOG_COMPILER_GLOBAL_ACCENT_COLOR_NAME = AccentColor;
				CODE_SIGN_IDENTITY = "Apple Development";
				CODE_SIGN_STYLE = Automatic;
				CURRENT_PROJECT_VERSION = 1;
				DEVELOPMENT_TEAM = RT4528VRD6;
				GENERATE_INFOPLIST_FILE = YES;
				INFOPLIST_FILE = "Lava Jato/Info.plist";
				INFOPLIST_KEY_NSPhotoLibraryAddUsageDescription = "É permitido o acesso a galeria de fotos do celular?";
				INFOPLIST_KEY_UIApplicationSupportsIndirectInputEvents = YES;
				INFOPLIST_KEY_UILaunchStoryboardName = LaunchScreen;
				INFOPLIST_KEY_UIMainStoryboardFile = LoginViewController;
				INFOPLIST_KEY_UISupportedInterfaceOrientations = UIInterfaceOrientationPortrait;
				INFOPLIST_KEY_UISupportedInterfaceOrientations_iPad = "UIInterfaceOrientationPortrait UIInterfaceOrientationPortraitUpsideDown UIInterfaceOrientationLandscapeLeft UIInterfaceOrientationLandscapeRight";
				INFOPLIST_KEY_UISupportedInterfaceOrientations_iPhone = "UIInterfaceOrientationPortrait UIInterfaceOrientationLandscapeLeft UIInterfaceOrientationLandscapeRight";
				LD_RUNPATH_SEARCH_PATHS = (
					"$(inherited)",
					"@executable_path/Frameworks",
				);
				MARKETING_VERSION = 1.0;
				PRODUCT_BUNDLE_IDENTIFIER = "junior.Lava-Jato";
				PRODUCT_NAME = "$(TARGET_NAME)";
				PROVISIONING_PROFILE_SPECIFIER = "";
				SWIFT_EMIT_LOC_STRINGS = YES;
				SWIFT_VERSION = 5.0;
				TARGETED_DEVICE_FAMILY = 1;
			};
			name = Release;
		};
/* End XCBuildConfiguration section */

/* Begin XCConfigurationList section */
		E162E06E27ADF53E00C6AD32 /* Build configuration list for PBXProject "Lava Jato" */ = {
			isa = XCConfigurationList;
			buildConfigurations = (
				E162E08527ADF54000C6AD32 /* Debug */,
				E162E08627ADF54000C6AD32 /* Release */,
			);
			defaultConfigurationIsVisible = 0;
			defaultConfigurationName = Release;
		};
		E162E08727ADF54000C6AD32 /* Build configuration list for PBXNativeTarget "Lava Jato" */ = {
			isa = XCConfigurationList;
			buildConfigurations = (
				E162E08827ADF54000C6AD32 /* Debug */,
				E162E08927ADF54000C6AD32 /* Release */,
			);
			defaultConfigurationIsVisible = 0;
			defaultConfigurationName = Release;
		};
/* End XCConfigurationList section */
	};
	rootObject = E162E06B27ADF53E00C6AD32 /* Project object */;
}
